
Microsoft Visual Studio Solution File, Format Version 12.00
Project("{FAE04EC0-301F-11D3-BF4B-00C04F79EFBC}") = "Bot.Base", "Bot.Base\Bot.Base.csproj", "{6FF4F3EB-B5FE-4716-B564-9C2CEB9A5637}"
EndProject
Project("{FAE04EC0-301F-11D3-BF4B-00C04F79EFBC}") = "Bot.Services", "Bot.Services\Bot.Services.csproj", "{7A29B26A-6108-4870-A45A-89F12524E0C7}"
EndProject
Project("{FAE04EC0-301F-11D3-BF4B-00C04F79EFBC}") = "Bot.Data", "Bot.Data\Bot.Data.csproj", "{F5D8B522-C881-4429-84E7-1727F78932AA}"
EndProject
Project("{2150E333-8FDC-42A3-9474-1A3956D46DE8}") = "Solution Items", "Solution Items", "{D975EB6A-BF36-4BA2-A7FF-E041D09E9D32}"
	ProjectSection(SolutionItems) = preProject
		docker-compose.yml = docker-compose.yml
		.github\workflows\codeql.yml = .github\workflows\codeql.yml
		.github\workflows\dotnet.yml = .github\workflows\dotnet.yml
		.github\workflows\main.yml = .github\workflows\main.yml
	EndProjectSection
EndProject
Global
	GlobalSection(SolutionConfigurationPlatforms) = preSolution
		Debug|Any CPU = Debug|Any CPU
		Release|Any CPU = Release|Any CPU
	EndGlobalSection
	GlobalSection(ProjectConfigurationPlatforms) = postSolution
		{6FF4F3EB-B5FE-4716-B564-9C2CEB9A5637}.Debug|Any CPU.ActiveCfg = Debug|Any CPU
		{6FF4F3EB-B5FE-4716-B564-9C2CEB9A5637}.Debug|Any CPU.Build.0 = Debug|Any CPU
		{6FF4F3EB-B5FE-4716-B564-9C2CEB9A5637}.Release|Any CPU.ActiveCfg = Release|Any CPU
		{6FF4F3EB-B5FE-4716-B564-9C2CEB9A5637}.Release|Any CPU.Build.0 = Release|Any CPU
		{7A29B26A-6108-4870-A45A-89F12524E0C7}.Debug|Any CPU.ActiveCfg = Debug|Any CPU
		{7A29B26A-6108-4870-A45A-89F12524E0C7}.Debug|Any CPU.Build.0 = Debug|Any CPU
		{7A29B26A-6108-4870-A45A-89F12524E0C7}.Release|Any CPU.ActiveCfg = Release|Any CPU
		{7A29B26A-6108-4870-A45A-89F12524E0C7}.Release|Any CPU.Build.0 = Release|Any CPU
		{F5D8B522-C881-4429-84E7-1727F78932AA}.Debug|Any CPU.ActiveCfg = Debug|Any CPU
		{F5D8B522-C881-4429-84E7-1727F78932AA}.Debug|Any CPU.Build.0 = Debug|Any CPU
		{F5D8B522-C881-4429-84E7-1727F78932AA}.Release|Any CPU.ActiveCfg = Release|Any CPU
		{F5D8B522-C881-4429-84E7-1727F78932AA}.Release|Any CPU.Build.0 = Release|Any CPU
	EndGlobalSection
EndGlobal
